// !$*UTF8*$!
{
	archiveVersion = 1;
	classes = {
	};
	objectVersion = 46;
	objects = {

/* Begin PBXBuildFile section */
		8747F7DD1CDDD82F0061374B /* main.m in Sources */ = {isa = PBXBuildFile; fileRef = 8747F7DC1CDDD82F0061374B /* main.m */; };
		8747F7E01CDDD82F0061374B /* AppDelegate.m in Sources */ = {isa = PBXBuildFile; fileRef = 8747F7DF1CDDD82F0061374B /* AppDelegate.m */; };
		8747F7E31CDDD82F0061374B /* ViewController.m in Sources */ = {isa = PBXBuildFile; fileRef = 8747F7E21CDDD82F0061374B /* ViewController.m */; };
		8747F7E61CDDD82F0061374B /* Main.storyboard in Resources */ = {isa = PBXBuildFile; fileRef = 8747F7E41CDDD82F0061374B /* Main.storyboard */; };
		8747F7E81CDDD82F0061374B /* Assets.xcassets in Resources */ = {isa = PBXBuildFile; fileRef = 8747F7E71CDDD82F0061374B /* Assets.xcassets */; };
		8747F7EB1CDDD82F0061374B /* LaunchScreen.storyboard in Resources */ = {isa = PBXBuildFile; fileRef = 8747F7E91CDDD82F0061374B /* LaunchScreen.storyboard */; };
/* End PBXBuildFile section */

/* Begin PBXFileReference section */
		873A39741CDE316300387689 /* Const.h */ = {isa = PBXFileReference; fileEncoding = 4; lastKnownFileType = sourcecode.c.h; path = Const.h; sourceTree = "<group>"; };
		8747F7D81CDDD82F0061374B /* CoreBloothTest.app */ = {isa = PBXFileReference; explicitFileType = wrapper.application; includeInIndex = 0; path = CoreBloothTest.app; sourceTree = BUILT_PRODUCTS_DIR; };
		8747F7DC1CDDD82F0061374B /* main.m */ = {isa = PBXFileReference; lastKnownFileType = sourcecode.c.objc; path = main.m; sourceTree = "<group>"; };
		8747F7DE1CDDD82F0061374B /* AppDelegate.h */ = {isa = PBXFileReference; lastKnownFileType = sourcecode.c.h; path = AppDelegate.h; sourceTree = "<group>"; };
		8747F7DF1CDDD82F0061374B /* AppDelegate.m */ = {isa = PBXFileReference; lastKnownFileType = sourcecode.c.objc; path = AppDelegate.m; sourceTree = "<group>"; };
		8747F7E11CDDD82F0061374B /* ViewController.h */ = {isa = PBXFileReference; lastKnownFileType = sourcecode.c.h; path = ViewController.h; sourceTree = "<group>"; };
		8747F7E21CDDD82F0061374B /* ViewController.m */ = {isa = PBXFileReference; lastKnownFileType = sourcecode.c.objc; path = ViewController.m; sourceTree = "<group>"; };
		8747F7E51CDDD82F0061374B /* Base */ = {isa = PBXFileReference; lastKnownFileType = file.storyboard; name = Base; path = Base.lproj/Main.storyboard; sourceTree = "<group>"; };
		8747F7E71CDDD82F0061374B /* Assets.xcassets */ = {isa = PBXFileReference; lastKnownFileType = folder.assetcatalog; path = Assets.xcassets; sourceTree = "<group>"; };
		8747F7EA1CDDD82F0061374B /* Base */ = {isa = PBXFileReference; lastKnownFileType = file.storyboard; name = Base; path = Base.lproj/LaunchScreen.storyboard; sourceTree = "<group>"; };
		8747F7EC1CDDD82F0061374B /* Info.plist */ = {isa = PBXFileReference; lastKnownFileType = text.plist.xml; path = Info.plist; sourceTree = "<group>"; };
/* End PBXFileReference section */

/* Begin PBXFrameworksBuildPhase section */
		8747F7D51CDDD82F0061374B /* Frameworks */ = {
			isa = PBXFrameworksBuildPhase;
			buildActionMask = 2147483647;
			files = (
			);
			runOnlyForDeploymentPostprocessing = 0;
		};
/* End PBXFrameworksBuildPhase section */

/* Begin PBXGroup section */
		8747F7CF1CDDD82F0061374B = {
			isa = PBXGroup;
			children = (
				8747F7DA1CDDD82F0061374B /* CoreBloothTest */,
				8747F7D91CDDD82F0061374B /* Products */,
			);
			sourceTree = "<group>";
		};
		8747F7D91CDDD82F0061374B /* Products */ = {
			isa = PBXGroup;
			children = (
				8747F7D81CDDD82F0061374B /* CoreBloothTest.app */,
			);
			name = Products;
			sourceTree = "<group>";
		};
		8747F7DA1CDDD82F0061374B /* CoreBloothTest */ = {
			isa = PBXGroup;
			children = (
				873A39741CDE316300387689 /* Const.h */,
				8747F7DE1CDDD82F0061374B /* AppDelegate.h */,
				8747F7DF1CDDD82F0061374B /* AppDelegate.m */,
				8747F7E11CDDD82F0061374B /* ViewController.h */,
				8747F7E21CDDD82F0061374B /* ViewController.m */,
				8747F7E41CDDD82F0061374B /* Main.storyboard */,
				8747F7E71CDDD82F0061374B /* Assets.xcassets */,
				8747F7E91CDDD82F0061374B /* LaunchScreen.storyboard */,
				8747F7EC1CDDD82F0061374B /* Info.plist */,
				8747F7DB1CDDD82F0061374B /* Supporting Files */,
			);
			path = CoreBloothTest;
			sourceTree = "<group>";
		};
		8747F7DB1CDDD82F0061374B /* Supporting Files */ = {
			isa = PBXGroup;
			children = (
				8747F7DC1CDDD82F0061374B /* main.m */,
			);
			name = "Supporting Files";
			sourceTree = "<group>";
		};
/* End PBXGroup section */

/* Begin PBXNativeTarget section */
		8747F7D71CDDD82F0061374B /* CoreBloothTest */ = {
			isa = PBXNativeTarget;
			buildConfigurationList = 8747F7EF1CDDD82F0061374B /* Build configuration list for PBXNativeTarget "CoreBloothTest" */;
			buildPhases = (
				8747F7D41CDDD82F0061374B /* Sources */,
				8747F7D51CDDD82F0061374B /* Frameworks */,
				8747F7D61CDDD82F0061374B /* Resources */,
			);
			buildRules = (
			);
			dependencies = (
			);
			name = CoreBloothTest;
			productName = CoreBloothTest;
			productReference = 8747F7D81CDDD82F0061374B /* CoreBloothTest.app */;
			productType = "com.apple.product-type.application";
		};
/* End PBXNativeTarget section */

/* Begin PBXProject section */
		8747F7D01CDDD82F0061374B /* Project object */ = {
			isa = PBXProject;
			attributes = {
				LastUpgradeCheck = 0720;
				ORGANIZATIONNAME = LaiYoung;
				TargetAttributes = {
					8747F7D71CDDD82F0061374B = {
						CreatedOnToolsVersion = 7.2;
						DevelopmentTeam = A7F435Y8MR;
					};
				};
			};
			buildConfigurationList = 8747F7D31CDDD82F0061374B /* Build configuration list for PBXProject "CoreBloothTest" */;
			compatibilityVersion = "Xcode 3.2";
			developmentRegion = English;
			hasScannedForEncodings = 0;
			knownRegions = (
				en,
				Base,
			);
			mainGroup = 8747F7CF1CDDD82F0061374B;
			productRefGroup = 8747F7D91CDDD82F0061374B /* Products */;
			projectDirPath = "";
			projectRoot = "";
			targets = (
				8747F7D71CDDD82F0061374B /* CoreBloothTest */,
			);
		};
/* End PBXProject section */

/* Begin PBXResourcesBuildPhase section */
		8747F7D61CDDD82F0061374B /* Resources */ = {
			isa = PBXResourcesBuildPhase;
			buildActionMask = 2147483647;
			files = (
				8747F7EB1CDDD82F0061374B /* LaunchScreen.storyboard in Resources */,
				8747F7E81CDDD82F0061374B /* Assets.xcassets in Resources */,
				8747F7E61CDDD82F0061374B /* Main.storyboard in Resources */,
			);
			runOnlyForDeploymentPostprocessing = 0;
		};
/* End PBXResourcesBuildPhase section */

/* Begin PBXSourcesBuildPhase section */
		8747F7D41CDDD82F0061374B /* Sources */ = {
			isa = PBXSourcesBuildPhase;
			buildActionMask = 2147483647;
			files = (
				8747F7E31CDDD82F0061374B /* ViewController.m in Sources */,
				8747F7E01CDDD82F0061374B /* AppDelegate.m in Sources */,
				8747F7DD1CDDD82F0061374B /* main.m in Sources */,
			);
			runOnlyForDeploymentPostprocessing = 0;
		};
/* End PBXSourcesBuildPhase section */

/* Begin PBXVariantGroup section */
		8747F7E41CDDD82F0061374B /* Main.storyboard */ = {
			isa = PBXVariantGroup;
			children = (
				8747F7E51CDDD82F0061374B /* Base */,
			);
			name = Main.storyboard;
			sourceTree = "<group>";
		};
		8747F7E91CDDD82F0061374B /* LaunchScreen.storyboard */ = {
			isa = PBXVariantGroup;
			children = (
				8747F7EA1CDDD82F0061374B /* Base */,
			);
			name = LaunchScreen.storyboard;
			sourceTree = "<group>";
		};
/* End PBXVariantGroup section */

/* Begin XCBuildConfiguration section */
		8747F7ED1CDDD82F0061374B /* Debug */ = {
			isa = XCBuildConfiguration;
			buildSettings = {
				ALWAYS_SEARCH_USER_PATHS = NO;
				CLANG_CXX_LANGUAGE_STANDARD = "gnu++0x";
				CLANG_CXX_LIBRARY = "libc++";
				CLANG_ENABLE_MODULES = YES;
				CLANG_ENABLE_OBJC_ARC = YES;
				CLANG_WARN_BOOL_CONVERSION = YES;
				CLANG_WARN_CONSTANT_CONVERSION = YES;
				CLANG_WARN_DIRECT_OBJC_ISA_USAGE = YES_ERROR;
				CLANG_WARN_EMPTY_BODY = YES;
				CLANG_WARN_ENUM_CONVERSION = YES;
				CLANG_WARN_INT_CONVERSION = YES;
				CLANG_WARN_OBJC_ROOT_CLASS = YES_ERROR;
				CLANG_WARN_UNREACHABLE_CODE = YES;
				CLANG_WARN__DUPLICATE_METHOD_MATCH = YES;
				"CODE_SIGN_IDENTITY[sdk=iphoneos*]" = "iPhone Developer";
				COPY_PHASE_STRIP = NO;
				DEBUG_INFORMATION_FORMAT = dwarf;
				ENABLE_STRICT_OBJC_MSGSEND = YES;
				ENABLE_TESTABILITY = YES;
				GCC_C_LANGUAGE_STANDARD = gnu99;
				GCC_DYNAMIC_NO_PIC = NO;
				GCC_NO_COMMON_BLOCKS = YES;
				GCC_OPTIMIZATION_LEVEL = 0;
				GCC_PREPROCESSOR_DEFINITIONS = (
					"DEBUG=1",
					"$(inherited)",
				);
				GCC_WARN_64_TO_32_BIT_CONVERSION = YES;
				GCC_WARN_ABOUT_RETURN_TYPE = YES_ERROR;
				GCC_WARN_UNDECLARED_SELECTOR = YES;
				GCC_WARN_UNINITIALIZED_AUTOS = YES_AGGRESSIVE;
				GCC_WARN_UNUSED_FUNCTION = YES;
				GCC_WARN_UNUSED_VARIABLE = YES;
				IPHONEOS_DEPLOYMENT_TARGET = 9.2;
				MTL_ENABLE_DEBUG_INFO = YES;
				ONLY_ACTIVE_ARCH = YES;
				SDKROOT = iphoneos;
			};
			name = Debug;
		};
		8747F7EE1CDDD82F0061374B /* Release */ = {
			isa = XCBuildConfiguration;
			buildSettings = {
				ALWAYS_SEARCH_USER_PATHS = NO;
				CLANG_CXX_LANGUAGE_STANDARD = "gnu++0x";
				CLANG_CXX_LIBRARY = "libc++";
				CLANG_ENABLE_MODULES = YES;
				CLANG_ENABLE_OBJC_ARC = YES;
				CLANG_WARN_BOOL_CONVERSION = YES;
				CLANG_WARN_CONSTANT_CONVERSION = YES;
				CLANG_WARN_DIRECT_OBJC_ISA_USAGE = YES_ERROR;
				CLANG_WARN_EMPTY_BODY = YES;
				CLANG_WARN_ENUM_CONVERSION = YES;
				CLANG_WARN_INT_CONVERSION = YES;
				CLANG_WARN_OBJC_ROOT_CLASS = YES_ERROR;
				CLANG_WARN_UNREACHABLE_CODE = YES;
				CLANG_WARN__DUPLICATE_METHOD_MATCH = YES;
				"CODE_SIGN_IDENTITY[sdk=iphoneos*]" = "iPhone Developer";
				COPY_PHASE_STRIP = NO;
				DEBUG_INFORMATION_FORMAT = "dwarf-with-dsym";
				ENABLE_NS_ASSERTIONS = NO;
				ENABLE_STRICT_OBJC_MSGSEND = YES;
				GCC_C_LANGUAGE_STANDARD = gnu99;
				GCC_NO_COMMON_BLOCKS = YES;
				GCC_WARN_64_TO_32_BIT_CONVERSION = YES;
				GCC_WARN_ABOUT_RETURN_TYPE = YES_ERROR;
				GCC_WARN_UNDECLARED_SELECTOR = YES;
				GCC_WARN_UNINITIALIZED_AUTOS = YES_AGGRESSIVE;
				GCC_WARN_UNUSED_FUNCTION = YES;
				GCC_WARN_UNUSED_VARIABLE = YES;
				IPHONEOS_DEPLOYMENT_TARGET = 9.2;
				MTL_ENABLE_DEBUG_INFO = NO;
				SDKROOT = iphoneos;
				VALIDATE_PRODUCT = YES;
			};
			name = Release;
		};
		8747F7F01CDDD82F0061374B /* Debug */ = {
			isa = XCBuildConfiguration;
			buildSettings = {
				ASSETCATALOG_COMPILER_APPICON_NAME = AppIcon;
				CODE_SIGN_IDENTITY = "iPhone Developer";
				"CODE_SIGN_IDENTITY[sdk=iphoneos*]" = "iPhone Developer";
				INFOPLIST_FILE = CoreBloothTest/Info.plist;
				LD_RUNPATH_SEARCH_PATHS = "$(inherited) @executable_path/Frameworks";
				PRODUCT_BUNDLE_IDENTIFIER = com.LaiYoung.CoreBloothTest;
				PRODUCT_NAME = "$(TARGET_NAME)";
				PROVISIONING_PROFILE = "";
			};
			name = Debug;
		};
		8747F7F11CDDD82F0061374B /* Release */ = {
			isa = XCBuildConfiguration;
			buildSettings = {
				ASSETCATALOG_COMPILER_APPICON_NAME = AppIcon;
				CODE_SIGN_IDENTITY = "iPhone Developer";
				"CODE_SIGN_IDENTITY[sdk=iphoneos*]" = "iPhone Developer";
				INFOPLIST_FILE = CoreBloothTest/Info.plist;
				LD_RUNPATH_SEARCH_PATHS = "$(inherited) @executable_path/Frameworks";
				PRODUCT_BUNDLE_IDENTIFIER = com.LaiYoung.CoreBloothTest;
				PRODUCT_NAME = "$(TARGET_NAME)";
				PROVISIONING_PROFILE = "";
			};
			name = Release;
		};
/* End XCBuildConfiguration section */

/* Begin XCConfigurationList section */
		8747F7D31CDDD82F0061374B /* Build configuration list for PBXProject "CoreBloothTest" */ = {
			isa = XCConfigurationList;
			buildConfigurations = (
				8747F7ED1CDDD82F0061374B /* Debug */,
				8747F7EE1CDDD82F0061374B /* Release */,
			);
			defaultConfigurationIsVisible = 0;
			defaultConfigurationName = Release;
		};
		8747F7EF1CDDD82F0061374B /* Build configuration list for PBXNativeTarget "CoreBloothTest" */ = {
			isa = XCConfigurationList;
			buildConfigurations = (
				8747F7F01CDDD82F0061374B /* Debug */,
				8747F7F11CDDD82F0061374B /* Release */,
			);
			defaultConfigurationIsVisible = 0;
			defaultConfigurationName = Release;
		};
/* End XCConfigurationList section */
	};
	rootObject = 8747F7D01CDDD82F0061374B /* Project object */;
}
